
Microsoft Visual Studio Solution File, Format Version 12.00
# Visual Studio Version 17
VisualStudioVersion = 17.2.32505.173
MinimumVisualStudioVersion = 10.0.40219.1
Project("{9A19103F-16F7-4668-BE54-9A1E7A4F7556}") = "Bowling", "src\Bowling\Bowling.csproj", "{D245A2B6-A3D2-439D-A6D9-8AD076CB5CED}"
EndProject
Project("{FAE04EC0-301F-11D3-BF4B-00C04F79EFBC}") = "Domain", "Domain\Domain.csproj", "{31EA9E1B-A8A3-452A-9EBF-185A3B913250}"
EndProject
Project("{FAE04EC0-301F-11D3-BF4B-00C04F79EFBC}") = "Application", "Application\Application.csproj", "{C2D1C47E-EF1B-4FDF-ADA0-30A5E573686C}"
EndProject
Global
	GlobalSection(SolutionConfigurationPlatforms) = preSolution
		Debug|Any CPU = Debug|Any CPU
		Release|Any CPU = Release|Any CPU
	EndGlobalSection
	GlobalSection(ProjectConfigurationPlatforms) = postSolution
		{D245A2B6-A3D2-439D-A6D9-8AD076CB5CED}.Debug|Any CPU.ActiveCfg = Debug|Any CPU
		{D245A2B6-A3D2-439D-A6D9-8AD076CB5CED}.Debug|Any CPU.Build.0 = Debug|Any CPU
		{D245A2B6-A3D2-439D-A6D9-8AD076CB5CED}.Release|Any CPU.ActiveCfg = Release|Any CPU
		{D245A2B6-A3D2-439D-A6D9-8AD076CB5CED}.Release|Any CPU.Build.0 = Release|Any CPU
		{31EA9E1B-A8A3-452A-9EBF-185A3B913250}.Debug|Any CPU.ActiveCfg = Debug|Any CPU
		{31EA9E1B-A8A3-452A-9EBF-185A3B913250}.Debug|Any CPU.Build.0 = Debug|Any CPU
		{31EA9E1B-A8A3-452A-9EBF-185A3B913250}.Release|Any CPU.ActiveCfg = Release|Any CPU
		{31EA9E1B-A8A3-452A-9EBF-185A3B913250}.Release|Any CPU.Build.0 = Release|Any CPU
		{C2D1C47E-EF1B-4FDF-ADA0-30A5E573686C}.Debug|Any CPU.ActiveCfg = Debug|Any CPU
		{C2D1C47E-EF1B-4FDF-ADA0-30A5E573686C}.Debug|Any CPU.Build.0 = Debug|Any CPU
		{C2D1C47E-EF1B-4FDF-ADA0-30A5E573686C}.Release|Any CPU.ActiveCfg = Release|Any CPU
		{C2D1C47E-EF1B-4FDF-ADA0-30A5E573686C}.Release|Any CPU.Build.0 = Release|Any CPU
	EndGlobalSection
	GlobalSection(SolutionProperties) = preSolution
		HideSolutionNode = FALSE
	EndGlobalSection
	GlobalSection(ExtensibilityGlobals) = postSolution
		SolutionGuid = {B1C5FB3E-3EBC-415C-9E0F-36967151DC5D}
	EndGlobalSection
EndGlobal
